github.com/davecgh/go-spew v1.1.1 h1:vj9j/u1bqnvCEfJOwUhtlOARqs3+rkHYY13jYWTU97c=
github.com/davecgh/go-spew v1.1.1/go.mod h1:J7Y8YcW2NihsgmVo/mv3lAwl/skON4iLHjSsI+c5H38=
github.com/dgrijalva/jwt-go v3.2.0+incompatible h1:7qlOGliEKZXTDg6OTjfoBKDXWrumCAMpl/TFQ4/5kLM=
github.com/dgrijalva/jwt-go v3.2.0+incompatible/go.mod h1:E3ru+11k8xSBh+hMPgOLZmtrrCbhqsmaPHjLKYnJCaQ=
github.com/felixge/httpsnoop v1.0.1 h1:lvB5Jl89CsZtGIWuTcDM1E/vkVs49/Ml7JJe07l8SPQ=
github.com/felixge/httpsnoop v1.0.1/go.mod h1:m8KPJKqk1gH5J9DgRY2ASl2lWCfGKXixSwevea8zH2U=
github.com/gorilla/handlers v1.5.1 h1:9lRY6j8DEeeBT10CvO9hGW0gmky0BprnvDI5vfhUHH4=
github.com/gorilla/handlers v1.5.1/go.mod h1:t8XrUpc4KVXb7HGyJ4/cEnwQiaxrX/hz1Zv/4g96P1Q=
github.com/gorilla/mux v1.8.0 h1:i40aqfkR1h2SlN9hojwV5ZA91wcXFOvkdNIeFDP5koI=
github.com/gorilla/mux v1.8.0/go.mod h1:DVbg23sWSpFRCP0SfiEN6jmj59UnW/n46BH5rLB71So=
github.com/jinzhu/inflection v1.0.0 h1:K317FqzuhWc8YvSVlFMCCUb36O/S9MCKRDI7QkRKD/E=
github.com/jinzhu/inflection v1.0.0/go.mod h1:h+uFLlag+Qp1Va5pdKtLDYj+kHp5pxUVkryuEj+Srlc=
github.com/jinzhu/now v1.1.5 h1:/o9tlHleP7gOFmsnYNz3RGnqzefHA47wQpKrrdTIwXQ=
github.com/jinzhu/now v1.1.5/go.mod h1:d3SSVoowX0Lcu0IBviAWJpolVfI5UJVZZ7cO71lE/z8=
github.com/mattn/go-sqlite3 v1.14.17 h1:mCRHCLDUBXgpKAqIKsaAaAsrAlbkeomtRFKXh2L6YIM=
github.com/mattn/go-sqlite3 v1.14.17/go.mod h1:2eHXhiwb8IkHr+BDWZGa96P6+rkvnG63S2DGjv9HUNg=
github.com/pkg/errors v0.9.1 h1:FEBLx1zS214owpjy7qsBeixbURkuhQAwrK5UwLGTwt4=
github.com/pkg/errors v0.9.1/go.mod h1:bwawxfHBFNV+L2hUp1rHADufV3IMtnDRdf1r5NINEl0=
github.com/pmezard/go-difflib v1.0.0 h1:4DBwDE0NGyQoBHbLQYPwSUPoCMWR5BEzIk/f1lZbAQM=
github.com/pmezard/go-difflib v1.0.0/go.mod h1:iKH77koFhYxTK1pcRnkKkqfTogsbg7gZNVY4sRDYZ/4=
github.com/sendgrid/rest v2.6.9+incompatible h1:1EyIcsNdn9KIisLW50MKwmSRSK+ekueiEMJ7NEoxJo0=
github.com/sendgrid/rest v2.6.9+incompatible/go.mod h1:kXX7q3jZtJXK5c5qK83bSGMdV6tsOE70KbHoqJls4lE=
github.com/sendgrid/sendgrid-go v3.13.0+incompatible h1:HZrzc06/QfBGesY9o3n1lvBrRONA+57rbDRKet7plos=
github.com/sendgrid/sendgrid-go v3.13.0+incompatible/go.mod h1:QRQt+LX/NmgVEvmdRw0VT/QgUn499+iza2FnDca9fg8=
github.com/stretchr/testify v1.8.4 h1:CcVxjf3Q8PM0mHUKJCdn+eZZtm5yQwehR5yeSVQQcUk=
github.com/stretchr/testify v1.8.4/go.mod h1:sz/lmYIOXD/1dqDmKjjqLyZ2RngseejIcXlSw2iwfAo=
golang.org/x/net v0.18.0 h1:mIYleuAkSbHh0tCv7RvjL3F6ZVbLjq4+R7zbOn3Kokg=
golang.org/x/net v0.18.0/go.mod h1:/czyP5RqHAH4odGYxBJ1qz0+CE5WZ+2j1YgoEo8F2jQ=
gopkg.in/check.v1 v0.0.0-20161208181325-20d25e280405/go.mod h1:Co6ibVJAznAaIkqp8huTwlJQCZ016jof/cbN4VW5Yz0=
gopkg.in/yaml.v3 v3.0.1 h1:fxVm/GzAzEWqLHuvctI91KS9hhNmmWOoWu0XTYJS7CA=
gopkg.in/yaml.v3 v3.0.1/go.mod h1:K4uyk7z7BCEPqu6E+C64Yfv1cQ7kz7rIZviUmN+EgEM=
gorm.io/driver/sqlite v1.5.4 h1:IqXwXi8M/ZlPzH/947tn5uik3aYQslP9BVveoax0nV0=
gorm.io/driver/sqlite v1.5.4/go.mod h1:qxAuCol+2r6PannQDpOP1FP6ag3mKi4esLnB/jHed+4=
gorm.io/gorm v1.25.5 h1:zR9lOiiYf09VNh5Q1gphfyia1JpiClIWG9hQaxB/mls=
gorm.io/gorm v1.25.5/go.mod h1:hbnx/Oo0ChWMn1BIhpy1oYozzpM15i4YPuHDmfYtwg8=
